
Microsoft Visual Studio Solution File, Format Version 12.00
# Visual Studio 15
VisualStudioVersion = 15.0.28307.329
MinimumVisualStudioVersion = 10.0.40219.1
Project("{FAE04EC0-301F-11D3-BF4B-00C04F79EFBC}") = "HW2", "HW2\HW2.csproj", "{231463DB-D5CA-4EDC-A1B8-5ACD73D9A2EB}"
EndProject
Global
	GlobalSection(SolutionConfigurationPlatforms) = preSolution
		Debug|Any CPU = Debug|Any CPU
		Release|Any CPU = Release|Any CPU
	EndGlobalSection
	GlobalSection(ProjectConfigurationPlatforms) = postSolution
		{231463DB-D5CA-4EDC-A1B8-5ACD73D9A2EB}.Debug|Any CPU.ActiveCfg = Debug|Any CPU
		{231463DB-D5CA-4EDC-A1B8-5ACD73D9A2EB}.Debug|Any CPU.Build.0 = Debug|Any CPU
		{231463DB-D5CA-4EDC-A1B8-5ACD73D9A2EB}.Release|Any CPU.ActiveCfg = Release|Any CPU
		{231463DB-D5CA-4EDC-A1B8-5ACD73D9A2EB}.Release|Any CPU.Build.0 = Release|Any CPU
	EndGlobalSection
	GlobalSection(SolutionProperties) = preSolution
		HideSolutionNode = FALSE
	EndGlobalSection
	GlobalSection(ExtensibilityGlobals) = postSolution
		SolutionGuid = {65F00058-DFCC-47E7-83C6-3679CD773861}
	EndGlobalSection
EndGlobal
